// !$*UTF8*$!
{
	archiveVersion = 1;
	classes = {
	};
	objectVersion = 56;
	objects = {

/* Begin PBXBuildFile section */
		A9149D0F2A4B820D00E9D001 /* SimpleHWTests.swift in Sources */ = {isa = PBXBuildFile; fileRef = A9149D0E2A4B820D00E9D001 /* SimpleHWTests.swift */; };
		A9CDB0652A4A86D60037CEDB /* SimpleHWApp.swift in Sources */ = {isa = PBXBuildFile; fileRef = A9CDB0642A4A86D60037CEDB /* SimpleHWApp.swift */; };
		A9CDB0692A4A86D60037CEDB /* Assets.xcassets in Resources */ = {isa = PBXBuildFile; fileRef = A9CDB0682A4A86D60037CEDB /* Assets.xcassets */; };
		A9CDB06C2A4A86D60037CEDB /* Preview Assets.xcassets in Resources */ = {isa = PBXBuildFile; fileRef = A9CDB06B2A4A86D60037CEDB /* Preview Assets.xcassets */; };
		A9CDB0752A4A87E00037CEDB /* MainView.swift in Sources */ = {isa = PBXBuildFile; fileRef = A9CDB0742A4A87E00037CEDB /* MainView.swift */; };
		A9CDB0772A4A88160037CEDB /* Class.swift in Sources */ = {isa = PBXBuildFile; fileRef = A9CDB0762A4A88160037CEDB /* Class.swift */; };
		A9CDB0792A4A881F0037CEDB /* Assignment.swift in Sources */ = {isa = PBXBuildFile; fileRef = A9CDB0782A4A881F0037CEDB /* Assignment.swift */; };
		A9CDB07B2A4A88280037CEDB /* Store.swift in Sources */ = {isa = PBXBuildFile; fileRef = A9CDB07A2A4A88280037CEDB /* Store.swift */; };
		A9CDB07D2A4A88450037CEDB /* ErrorWrapper.swift in Sources */ = {isa = PBXBuildFile; fileRef = A9CDB07C2A4A88450037CEDB /* ErrorWrapper.swift */; };
		A9CDB07F2A4A88510037CEDB /* Icon.swift in Sources */ = {isa = PBXBuildFile; fileRef = A9CDB07E2A4A88510037CEDB /* Icon.swift */; };
		A9CDB0812A4A88590037CEDB /* Theme.swift in Sources */ = {isa = PBXBuildFile; fileRef = A9CDB0802A4A88590037CEDB /* Theme.swift */; };
		A9CDB0842A4A89080037CEDB /* AssignmentView.swift in Sources */ = {isa = PBXBuildFile; fileRef = A9CDB0832A4A89080037CEDB /* AssignmentView.swift */; };
		A9CDB0862A4A89180037CEDB /* AddAssignmentView.swift in Sources */ = {isa = PBXBuildFile; fileRef = A9CDB0852A4A89180037CEDB /* AddAssignmentView.swift */; };
		A9CDB0882A4A892C0037CEDB /* EditAssignmentView.swift in Sources */ = {isa = PBXBuildFile; fileRef = A9CDB0872A4A892C0037CEDB /* EditAssignmentView.swift */; };
		A9CDB08A2A4A893C0037CEDB /* ToDoView.swift in Sources */ = {isa = PBXBuildFile; fileRef = A9CDB0892A4A893C0037CEDB /* ToDoView.swift */; };
		A9CDB08D2A4A89730037CEDB /* CardView.swift in Sources */ = {isa = PBXBuildFile; fileRef = A9CDB08C2A4A89730037CEDB /* CardView.swift */; };
		A9CDB08F2A4A89880037CEDB /* ClassListView.swift in Sources */ = {isa = PBXBuildFile; fileRef = A9CDB08E2A4A89880037CEDB /* ClassListView.swift */; };
		A9CDB0912A4A899A0037CEDB /* EditClassView.swift in Sources */ = {isa = PBXBuildFile; fileRef = A9CDB0902A4A899A0037CEDB /* EditClassView.swift */; };
		A9CDB0932A4A89A20037CEDB /* ClassView.swift in Sources */ = {isa = PBXBuildFile; fileRef = A9CDB0922A4A89A20037CEDB /* ClassView.swift */; };
		A9CDB0952A4A89B40037CEDB /* NewClassSheet.swift in Sources */ = {isa = PBXBuildFile; fileRef = A9CDB0942A4A89B40037CEDB /* NewClassSheet.swift */; };
		A9CDB0982A4A8AA00037CEDB /* ErrorView.swift in Sources */ = {isa = PBXBuildFile; fileRef = A9CDB0972A4A8AA00037CEDB /* ErrorView.swift */; };
		A9CDB09A2A4A8AB10037CEDB /* GridIconLabelStyle.swift in Sources */ = {isa = PBXBuildFile; fileRef = A9CDB0992A4A8AB10037CEDB /* GridIconLabelStyle.swift */; };
		A9CDB09C2A4A8ABF0037CEDB /* IconPicker.swift in Sources */ = {isa = PBXBuildFile; fileRef = A9CDB09B2A4A8ABF0037CEDB /* IconPicker.swift */; };
		A9CDB09E2A4A8ACB0037CEDB /* IconView.swift in Sources */ = {isa = PBXBuildFile; fileRef = A9CDB09D2A4A8ACB0037CEDB /* IconView.swift */; };
		A9CDB0A02A4A8AD30037CEDB /* ThemePicker.swift in Sources */ = {isa = PBXBuildFile; fileRef = A9CDB09F2A4A8AD30037CEDB /* ThemePicker.swift */; };
		A9CDB0A22A4A8ADC0037CEDB /* ThemeView.swift in Sources */ = {isa = PBXBuildFile; fileRef = A9CDB0A12A4A8ADC0037CEDB /* ThemeView.swift */; };
		A9CDB0A42A4A8AE80037CEDB /* TrailingIconLabelStyle.swift in Sources */ = {isa = PBXBuildFile; fileRef = A9CDB0A32A4A8AE80037CEDB /* TrailingIconLabelStyle.swift */; };
		A9CDB0AA2A4A93A90037CEDB /* Template - App Icon - P3.afphoto in Resources */ = {isa = PBXBuildFile; fileRef = A9CDB0A62A4A93A90037CEDB /* Template - App Icon - P3.afphoto */; };
		A9CDB0AB2A4A93A90037CEDB /* icon vector.svg in Resources */ = {isa = PBXBuildFile; fileRef = A9CDB0A72A4A93A90037CEDB /* icon vector.svg */; };
		A9CDB0AC2A4A93A90037CEDB /* iconV1.png in Resources */ = {isa = PBXBuildFile; fileRef = A9CDB0A82A4A93A90037CEDB /* iconV1.png */; };
		A9CDB0AD2A4A93A90037CEDB /* icon vector.afdesign in Resources */ = {isa = PBXBuildFile; fileRef = A9CDB0A92A4A93A90037CEDB /* icon vector.afdesign */; };
		A9ED7A772A4CF18A00BA005B /* CompletedView.swift in Sources */ = {isa = PBXBuildFile; fileRef = A9ED7A762A4CF18A00BA005B /* CompletedView.swift */; };
		A9ED7A792A4CF37B00BA005B /* CompletedAssignmentView.swift in Sources */ = {isa = PBXBuildFile; fileRef = A9ED7A782A4CF37B00BA005B /* CompletedAssignmentView.swift */; };
/* End PBXBuildFile section */

/* Begin PBXContainerItemProxy section */
		A9149D102A4B820D00E9D001 /* PBXContainerItemProxy */ = {
			isa = PBXContainerItemProxy;
			containerPortal = A9CDB0592A4A86D60037CEDB /* Project object */;
			proxyType = 1;
			remoteGlobalIDString = A9CDB0602A4A86D60037CEDB;
			remoteInfo = SimpleHW;
		};
/* End PBXContainerItemProxy section */

/* Begin PBXFileReference section */
		A9149D0C2A4B820D00E9D001 /* SimpleHWTests.xctest */ = {isa = PBXFileReference; explicitFileType = wrapper.cfbundle; includeInIndex = 0; path = SimpleHWTests.xctest; sourceTree = BUILT_PRODUCTS_DIR; };
		A9149D0E2A4B820D00E9D001 /* SimpleHWTests.swift */ = {isa = PBXFileReference; lastKnownFileType = sourcecode.swift; path = SimpleHWTests.swift; sourceTree = "<group>"; };
		A9CDB0612A4A86D60037CEDB /* SimpleHW.app */ = {isa = PBXFileReference; explicitFileType = wrapper.application; includeInIndex = 0; path = SimpleHW.app; sourceTree = BUILT_PRODUCTS_DIR; };
		A9CDB0642A4A86D60037CEDB /* SimpleHWApp.swift */ = {isa = PBXFileReference; lastKnownFileType = sourcecode.swift; path = SimpleHWApp.swift; sourceTree = "<group>"; };
		A9CDB0682A4A86D60037CEDB /* Assets.xcassets */ = {isa = PBXFileReference; lastKnownFileType = folder.assetcatalog; path = Assets.xcassets; sourceTree = "<group>"; };
		A9CDB06B2A4A86D60037CEDB /* Preview Assets.xcassets */ = {isa = PBXFileReference; lastKnownFileType = folder.assetcatalog; path = "Preview Assets.xcassets"; sourceTree = "<group>"; };
		A9CDB0742A4A87E00037CEDB /* MainView.swift */ = {isa = PBXFileReference; lastKnownFileType = sourcecode.swift; path = MainView.swift; sourceTree = "<group>"; };
		A9CDB0762A4A88160037CEDB /* Class.swift */ = {isa = PBXFileReference; lastKnownFileType = sourcecode.swift; path = Class.swift; sourceTree = "<group>"; };
		A9CDB0782A4A881F0037CEDB /* Assignment.swift */ = {isa = PBXFileReference; lastKnownFileType = sourcecode.swift; path = Assignment.swift; sourceTree = "<group>"; };
		A9CDB07A2A4A88280037CEDB /* Store.swift */ = {isa = PBXFileReference; lastKnownFileType = sourcecode.swift; path = Store.swift; sourceTree = "<group>"; };
		A9CDB07C2A4A88450037CEDB /* ErrorWrapper.swift */ = {isa = PBXFileReference; lastKnownFileType = sourcecode.swift; path = ErrorWrapper.swift; sourceTree = "<group>"; };
		A9CDB07E2A4A88510037CEDB /* Icon.swift */ = {isa = PBXFileReference; lastKnownFileType = sourcecode.swift; path = Icon.swift; sourceTree = "<group>"; };
		A9CDB0802A4A88590037CEDB /* Theme.swift */ = {isa = PBXFileReference; lastKnownFileType = sourcecode.swift; path = Theme.swift; sourceTree = "<group>"; };
		A9CDB0832A4A89080037CEDB /* AssignmentView.swift */ = {isa = PBXFileReference; lastKnownFileType = sourcecode.swift; path = AssignmentView.swift; sourceTree = "<group>"; };
		A9CDB0852A4A89180037CEDB /* AddAssignmentView.swift */ = {isa = PBXFileReference; lastKnownFileType = sourcecode.swift; path = AddAssignmentView.swift; sourceTree = "<group>"; };
		A9CDB0872A4A892C0037CEDB /* EditAssignmentView.swift */ = {isa = PBXFileReference; lastKnownFileType = sourcecode.swift; path = EditAssignmentView.swift; sourceTree = "<group>"; };
		A9CDB0892A4A893C0037CEDB /* ToDoView.swift */ = {isa = PBXFileReference; lastKnownFileType = sourcecode.swift; path = ToDoView.swift; sourceTree = "<group>"; };
		A9CDB08C2A4A89730037CEDB /* CardView.swift */ = {isa = PBXFileReference; lastKnownFileType = sourcecode.swift; path = CardView.swift; sourceTree = "<group>"; };
		A9CDB08E2A4A89880037CEDB /* ClassListView.swift */ = {isa = PBXFileReference; lastKnownFileType = sourcecode.swift; path = ClassListView.swift; sourceTree = "<group>"; };
		A9CDB0902A4A899A0037CEDB /* EditClassView.swift */ = {isa = PBXFileReference; lastKnownFileType = sourcecode.swift; path = EditClassView.swift; sourceTree = "<group>"; };
		A9CDB0922A4A89A20037CEDB /* ClassView.swift */ = {isa = PBXFileReference; lastKnownFileType = sourcecode.swift; path = ClassView.swift; sourceTree = "<group>"; };
		A9CDB0942A4A89B40037CEDB /* NewClassSheet.swift */ = {isa = PBXFileReference; lastKnownFileType = sourcecode.swift; path = NewClassSheet.swift; sourceTree = "<group>"; };
		A9CDB0972A4A8AA00037CEDB /* ErrorView.swift */ = {isa = PBXFileReference; lastKnownFileType = sourcecode.swift; path = ErrorView.swift; sourceTree = "<group>"; };
		A9CDB0992A4A8AB10037CEDB /* GridIconLabelStyle.swift */ = {isa = PBXFileReference; lastKnownFileType = sourcecode.swift; path = GridIconLabelStyle.swift; sourceTree = "<group>"; };
		A9CDB09B2A4A8ABF0037CEDB /* IconPicker.swift */ = {isa = PBXFileReference; lastKnownFileType = sourcecode.swift; path = IconPicker.swift; sourceTree = "<group>"; };
		A9CDB09D2A4A8ACB0037CEDB /* IconView.swift */ = {isa = PBXFileReference; lastKnownFileType = sourcecode.swift; path = IconView.swift; sourceTree = "<group>"; };
		A9CDB09F2A4A8AD30037CEDB /* ThemePicker.swift */ = {isa = PBXFileReference; lastKnownFileType = sourcecode.swift; path = ThemePicker.swift; sourceTree = "<group>"; };
		A9CDB0A12A4A8ADC0037CEDB /* ThemeView.swift */ = {isa = PBXFileReference; lastKnownFileType = sourcecode.swift; path = ThemeView.swift; sourceTree = "<group>"; };
		A9CDB0A32A4A8AE80037CEDB /* TrailingIconLabelStyle.swift */ = {isa = PBXFileReference; lastKnownFileType = sourcecode.swift; path = TrailingIconLabelStyle.swift; sourceTree = "<group>"; };
		A9CDB0A62A4A93A90037CEDB /* Template - App Icon - P3.afphoto */ = {isa = PBXFileReference; lastKnownFileType = file; path = "Template - App Icon - P3.afphoto"; sourceTree = "<group>"; };
		A9CDB0A72A4A93A90037CEDB /* icon vector.svg */ = {isa = PBXFileReference; fileEncoding = 4; lastKnownFileType = text.xml; path = "icon vector.svg"; sourceTree = "<group>"; };
		A9CDB0A82A4A93A90037CEDB /* iconV1.png */ = {isa = PBXFileReference; lastKnownFileType = image.png; path = iconV1.png; sourceTree = "<group>"; };
		A9CDB0A92A4A93A90037CEDB /* icon vector.afdesign */ = {isa = PBXFileReference; lastKnownFileType = file; path = "icon vector.afdesign"; sourceTree = "<group>"; };
		A9ED7A762A4CF18A00BA005B /* CompletedView.swift */ = {isa = PBXFileReference; lastKnownFileType = sourcecode.swift; path = CompletedView.swift; sourceTree = "<group>"; };
		A9ED7A782A4CF37B00BA005B /* CompletedAssignmentView.swift */ = {isa = PBXFileReference; lastKnownFileType = sourcecode.swift; path = CompletedAssignmentView.swift; sourceTree = "<group>"; };
/* End PBXFileReference section */

/* Begin PBXFrameworksBuildPhase section */
		A9149D092A4B820D00E9D001 /* Frameworks */ = {
			isa = PBXFrameworksBuildPhase;
			buildActionMask = 2147483647;
			files = (
			);
			runOnlyForDeploymentPostprocessing = 0;
		};
		A9CDB05E2A4A86D60037CEDB /* Frameworks */ = {
			isa = PBXFrameworksBuildPhase;
			buildActionMask = 2147483647;
			files = (
			);
			runOnlyForDeploymentPostprocessing = 0;
		};
/* End PBXFrameworksBuildPhase section */

/* Begin PBXGroup section */
		A9149D0D2A4B820D00E9D001 /* SimpleHWTests */ = {
			isa = PBXGroup;
			children = (
				A9149D0E2A4B820D00E9D001 /* SimpleHWTests.swift */,
			);
			path = SimpleHWTests;
			sourceTree = "<group>";
		};
		A9CDB0582A4A86D60037CEDB = {
			isa = PBXGroup;
			children = (
				A9CDB0632A4A86D60037CEDB /* SimpleHW */,
				A9149D0D2A4B820D00E9D001 /* SimpleHWTests */,
				A9CDB0622A4A86D60037CEDB /* Products */,
			);
			sourceTree = "<group>";
		};
		A9CDB0622A4A86D60037CEDB /* Products */ = {
			isa = PBXGroup;
			children = (
				A9CDB0612A4A86D60037CEDB /* SimpleHW.app */,
				A9149D0C2A4B820D00E9D001 /* SimpleHWTests.xctest */,
			);
			name = Products;
			sourceTree = "<group>";
		};
		A9CDB0632A4A86D60037CEDB /* SimpleHW */ = {
			isa = PBXGroup;
			children = (
				A9CDB0642A4A86D60037CEDB /* SimpleHWApp.swift */,
				A9CDB0732A4A871C0037CEDB /* Views */,
				A9CDB0722A4A87090037CEDB /* Models */,
				A9CDB0682A4A86D60037CEDB /* Assets.xcassets */,
				A9CDB0A52A4A93A90037CEDB /* Design */,
				A9CDB06A2A4A86D60037CEDB /* Preview Content */,
			);
			path = SimpleHW;
			sourceTree = "<group>";
		};
		A9CDB06A2A4A86D60037CEDB /* Preview Content */ = {
			isa = PBXGroup;
			children = (
				A9CDB06B2A4A86D60037CEDB /* Preview Assets.xcassets */,
			);
			path = "Preview Content";
			sourceTree = "<group>";
		};
		A9CDB0722A4A87090037CEDB /* Models */ = {
			isa = PBXGroup;
			children = (
				A9CDB0762A4A88160037CEDB /* Class.swift */,
				A9CDB0782A4A881F0037CEDB /* Assignment.swift */,
				A9CDB07A2A4A88280037CEDB /* Store.swift */,
				A9CDB07C2A4A88450037CEDB /* ErrorWrapper.swift */,
				A9CDB07E2A4A88510037CEDB /* Icon.swift */,
				A9CDB0802A4A88590037CEDB /* Theme.swift */,
			);
			path = Models;
			sourceTree = "<group>";
		};
		A9CDB0732A4A871C0037CEDB /* Views */ = {
			isa = PBXGroup;
			children = (
				A9CDB0742A4A87E00037CEDB /* MainView.swift */,
				A9CDB0962A4A8A8A0037CEDB /* Utils */,
				A9CDB08B2A4A89420037CEDB /* Classes */,
				A9CDB0822A4A88EC0037CEDB /* Assignments */,
			);
			path = Views;
			sourceTree = "<group>";
		};
		A9CDB0822A4A88EC0037CEDB /* Assignments */ = {
			isa = PBXGroup;
			children = (
				A9CDB0832A4A89080037CEDB /* AssignmentView.swift */,
				A9CDB0852A4A89180037CEDB /* AddAssignmentView.swift */,
				A9CDB0872A4A892C0037CEDB /* EditAssignmentView.swift */,
				A9CDB0892A4A893C0037CEDB /* ToDoView.swift */,
				A9ED7A762A4CF18A00BA005B /* CompletedView.swift */,
				A9ED7A782A4CF37B00BA005B /* CompletedAssignmentView.swift */,
			);
			path = Assignments;
			sourceTree = "<group>";
		};
		A9CDB08B2A4A89420037CEDB /* Classes */ = {
			isa = PBXGroup;
			children = (
				A9CDB08C2A4A89730037CEDB /* CardView.swift */,
				A9CDB08E2A4A89880037CEDB /* ClassListView.swift */,
				A9CDB0902A4A899A0037CEDB /* EditClassView.swift */,
				A9CDB0922A4A89A20037CEDB /* ClassView.swift */,
				A9CDB0942A4A89B40037CEDB /* NewClassSheet.swift */,
			);
			path = Classes;
			sourceTree = "<group>";
		};
		A9CDB0962A4A8A8A0037CEDB /* Utils */ = {
			isa = PBXGroup;
			children = (
				A9CDB0972A4A8AA00037CEDB /* ErrorView.swift */,
				A9CDB0992A4A8AB10037CEDB /* GridIconLabelStyle.swift */,
				A9CDB09B2A4A8ABF0037CEDB /* IconPicker.swift */,
				A9CDB09D2A4A8ACB0037CEDB /* IconView.swift */,
				A9CDB09F2A4A8AD30037CEDB /* ThemePicker.swift */,
				A9CDB0A12A4A8ADC0037CEDB /* ThemeView.swift */,
				A9CDB0A32A4A8AE80037CEDB /* TrailingIconLabelStyle.swift */,
			);
			path = Utils;
			sourceTree = "<group>";
		};
		A9CDB0A52A4A93A90037CEDB /* Design */ = {
			isa = PBXGroup;
			children = (
				A9CDB0A62A4A93A90037CEDB /* Template - App Icon - P3.afphoto */,
				A9CDB0A72A4A93A90037CEDB /* icon vector.svg */,
				A9CDB0A82A4A93A90037CEDB /* iconV1.png */,
				A9CDB0A92A4A93A90037CEDB /* icon vector.afdesign */,
			);
			name = Design;
			path = SimpleHW/Design;
			sourceTree = SOURCE_ROOT;
		};
/* End PBXGroup section */

/* Begin PBXNativeTarget section */
		A9149D0B2A4B820D00E9D001 /* SimpleHWTests */ = {
			isa = PBXNativeTarget;
			buildConfigurationList = A9149D122A4B820D00E9D001 /* Build configuration list for PBXNativeTarget "SimpleHWTests" */;
			buildPhases = (
				A9149D082A4B820D00E9D001 /* Sources */,
				A9149D092A4B820D00E9D001 /* Frameworks */,
				A9149D0A2A4B820D00E9D001 /* Resources */,
			);
			buildRules = (
			);
			dependencies = (
				A9149D112A4B820D00E9D001 /* PBXTargetDependency */,
			);
			name = SimpleHWTests;
			productName = SimpleHWTests;
			productReference = A9149D0C2A4B820D00E9D001 /* SimpleHWTests.xctest */;
			productType = "com.apple.product-type.bundle.unit-test";
		};
		A9CDB0602A4A86D60037CEDB /* SimpleHW */ = {
			isa = PBXNativeTarget;
			buildConfigurationList = A9CDB06F2A4A86D60037CEDB /* Build configuration list for PBXNativeTarget "SimpleHW" */;
			buildPhases = (
				A9CDB05D2A4A86D60037CEDB /* Sources */,
				A9CDB05E2A4A86D60037CEDB /* Frameworks */,
				A9CDB05F2A4A86D60037CEDB /* Resources */,
			);
			buildRules = (
			);
			dependencies = (
			);
			name = SimpleHW;
			productName = SimpleHW;
			productReference = A9CDB0612A4A86D60037CEDB /* SimpleHW.app */;
			productType = "com.apple.product-type.application";
		};
/* End PBXNativeTarget section */

/* Begin PBXProject section */
		A9CDB0592A4A86D60037CEDB /* Project object */ = {
			isa = PBXProject;
			attributes = {
				BuildIndependentTargetsInParallel = 1;
				LastSwiftUpdateCheck = 1430;
				LastUpgradeCheck = 1430;
				TargetAttributes = {
					A9149D0B2A4B820D00E9D001 = {
						CreatedOnToolsVersion = 14.3.1;
						TestTargetID = A9CDB0602A4A86D60037CEDB;
					};
					A9CDB0602A4A86D60037CEDB = {
						CreatedOnToolsVersion = 14.3.1;
					};
				};
			};
			buildConfigurationList = A9CDB05C2A4A86D60037CEDB /* Build configuration list for PBXProject "SimpleHW" */;
			compatibilityVersion = "Xcode 14.0";
			developmentRegion = en;
			hasScannedForEncodings = 0;
			knownRegions = (
				en,
				Base,
			);
			mainGroup = A9CDB0582A4A86D60037CEDB;
			productRefGroup = A9CDB0622A4A86D60037CEDB /* Products */;
			projectDirPath = "";
			projectRoot = "";
			targets = (
				A9CDB0602A4A86D60037CEDB /* SimpleHW */,
				A9149D0B2A4B820D00E9D001 /* SimpleHWTests */,
			);
		};
/* End PBXProject section */

/* Begin PBXResourcesBuildPhase section */
		A9149D0A2A4B820D00E9D001 /* Resources */ = {
			isa = PBXResourcesBuildPhase;
			buildActionMask = 2147483647;
			files = (
			);
			runOnlyForDeploymentPostprocessing = 0;
		};
		A9CDB05F2A4A86D60037CEDB /* Resources */ = {
			isa = PBXResourcesBuildPhase;
			buildActionMask = 2147483647;
			files = (
				A9CDB06C2A4A86D60037CEDB /* Preview Assets.xcassets in Resources */,
				A9CDB0AD2A4A93A90037CEDB /* icon vector.afdesign in Resources */,
				A9CDB0AB2A4A93A90037CEDB /* icon vector.svg in Resources */,
				A9CDB0AA2A4A93A90037CEDB /* Template - App Icon - P3.afphoto in Resources */,
				A9CDB0692A4A86D60037CEDB /* Assets.xcassets in Resources */,
				A9CDB0AC2A4A93A90037CEDB /* iconV1.png in Resources */,
			);
			runOnlyForDeploymentPostprocessing = 0;
		};
/* End PBXResourcesBuildPhase section */

/* Begin PBXSourcesBuildPhase section */
		A9149D082A4B820D00E9D001 /* Sources */ = {
			isa = PBXSourcesBuildPhase;
			buildActionMask = 2147483647;
			files = (
				A9149D0F2A4B820D00E9D001 /* SimpleHWTests.swift in Sources */,
			);
			runOnlyForDeploymentPostprocessing = 0;
		};
		A9CDB05D2A4A86D60037CEDB /* Sources */ = {
			isa = PBXSourcesBuildPhase;
			buildActionMask = 2147483647;
			files = (
				A9CDB07D2A4A88450037CEDB /* ErrorWrapper.swift in Sources */,
				A9CDB09E2A4A8ACB0037CEDB /* IconView.swift in Sources */,
				A9CDB0A22A4A8ADC0037CEDB /* ThemeView.swift in Sources */,
				A9ED7A792A4CF37B00BA005B /* CompletedAssignmentView.swift in Sources */,
				A9CDB0812A4A88590037CEDB /* Theme.swift in Sources */,
				A9CDB09C2A4A8ABF0037CEDB /* IconPicker.swift in Sources */,
				A9CDB09A2A4A8AB10037CEDB /* GridIconLabelStyle.swift in Sources */,
				A9CDB0882A4A892C0037CEDB /* EditAssignmentView.swift in Sources */,
				A9CDB0952A4A89B40037CEDB /* NewClassSheet.swift in Sources */,
				A9CDB07B2A4A88280037CEDB /* Store.swift in Sources */,
				A9CDB07F2A4A88510037CEDB /* Icon.swift in Sources */,
				A9CDB0842A4A89080037CEDB /* AssignmentView.swift in Sources */,
				A9CDB0982A4A8AA00037CEDB /* ErrorView.swift in Sources */,
				A9CDB0A02A4A8AD30037CEDB /* ThemePicker.swift in Sources */,
				A9CDB0862A4A89180037CEDB /* AddAssignmentView.swift in Sources */,
				A9CDB08D2A4A89730037CEDB /* CardView.swift in Sources */,
				A9CDB0792A4A881F0037CEDB /* Assignment.swift in Sources */,
				A9CDB0772A4A88160037CEDB /* Class.swift in Sources */,
				A9CDB0652A4A86D60037CEDB /* SimpleHWApp.swift in Sources */,
				A9CDB0932A4A89A20037CEDB /* ClassView.swift in Sources */,
				A9CDB0A42A4A8AE80037CEDB /* TrailingIconLabelStyle.swift in Sources */,
				A9ED7A772A4CF18A00BA005B /* CompletedView.swift in Sources */,
				A9CDB08F2A4A89880037CEDB /* ClassListView.swift in Sources */,
				A9CDB08A2A4A893C0037CEDB /* ToDoView.swift in Sources */,
				A9CDB0752A4A87E00037CEDB /* MainView.swift in Sources */,
				A9CDB0912A4A899A0037CEDB /* EditClassView.swift in Sources */,
			);
			runOnlyForDeploymentPostprocessing = 0;
		};
/* End PBXSourcesBuildPhase section */

/* Begin PBXTargetDependency section */
		A9149D112A4B820D00E9D001 /* PBXTargetDependency */ = {
			isa = PBXTargetDependency;
			target = A9CDB0602A4A86D60037CEDB /* SimpleHW */;
			targetProxy = A9149D102A4B820D00E9D001 /* PBXContainerItemProxy */;
		};
/* End PBXTargetDependency section */

/* Begin XCBuildConfiguration section */
		A9149D132A4B820D00E9D001 /* Debug */ = {
			isa = XCBuildConfiguration;
			buildSettings = {
				BUNDLE_LOADER = "$(TEST_HOST)";
				CODE_SIGN_STYLE = Automatic;
				CURRENT_PROJECT_VERSION = 1;
				DEVELOPMENT_TEAM = ZYQ5JDQFTR;
				GENERATE_INFOPLIST_FILE = YES;
				MARKETING_VERSION = 1.0;
				PRODUCT_BUNDLE_IDENTIFIER = "John-Graham.SimpleHWTests";
				PRODUCT_NAME = "$(TARGET_NAME)";
				SWIFT_EMIT_LOC_STRINGS = NO;
				SWIFT_VERSION = 5.0;
				TARGETED_DEVICE_FAMILY = "1,2";
				TEST_HOST = "$(BUILT_PRODUCTS_DIR)/SimpleHW.app/$(BUNDLE_EXECUTABLE_FOLDER_PATH)/SimpleHW";
			};
			name = Debug;
		};
		A9149D142A4B820D00E9D001 /* Release */ = {
			isa = XCBuildConfiguration;
			buildSettings = {
				BUNDLE_LOADER = "$(TEST_HOST)";
				CODE_SIGN_STYLE = Automatic;
				CURRENT_PROJECT_VERSION = 1;
				DEVELOPMENT_TEAM = ZYQ5JDQFTR;
				GENERATE_INFOPLIST_FILE = YES;
				MARKETING_VERSION = 1.0;
				PRODUCT_BUNDLE_IDENTIFIER = "John-Graham.SimpleHWTests";
				PRODUCT_NAME = "$(TARGET_NAME)";
				SWIFT_EMIT_LOC_STRINGS = NO;
				SWIFT_VERSION = 5.0;
				TARGETED_DEVICE_FAMILY = "1,2";
				TEST_HOST = "$(BUILT_PRODUCTS_DIR)/SimpleHW.app/$(BUNDLE_EXECUTABLE_FOLDER_PATH)/SimpleHW";
			};
			name = Release;
		};
		A9CDB06D2A4A86D60037CEDB /* Debug */ = {
			isa = XCBuildConfiguration;
			buildSettings = {
				ALWAYS_SEARCH_USER_PATHS = NO;
				CLANG_ANALYZER_NONNULL = YES;
				CLANG_ANALYZER_NUMBER_OBJECT_CONVERSION = YES_AGGRESSIVE;
				CLANG_CXX_LANGUAGE_STANDARD = "gnu++20";
				CLANG_ENABLE_MODULES = YES;
				CLANG_ENABLE_OBJC_ARC = YES;
				CLANG_ENABLE_OBJC_WEAK = YES;
				CLANG_WARN_BLOCK_CAPTURE_AUTORELEASING = YES;
				CLANG_WARN_BOOL_CONVERSION = YES;
				CLANG_WARN_COMMA = YES;
				CLANG_WARN_CONSTANT_CONVERSION = YES;
				CLANG_WARN_DEPRECATED_OBJC_IMPLEMENTATIONS = YES;
				CLANG_WARN_DIRECT_OBJC_ISA_USAGE = YES_ERROR;
				CLANG_WARN_DOCUMENTATION_COMMENTS = YES;
				CLANG_WARN_EMPTY_BODY = YES;
				CLANG_WARN_ENUM_CONVERSION = YES;
				CLANG_WARN_INFINITE_RECURSION = YES;
				CLANG_WARN_INT_CONVERSION = YES;
				CLANG_WARN_NON_LITERAL_NULL_CONVERSION = YES;
				CLANG_WARN_OBJC_IMPLICIT_RETAIN_SELF = YES;
				CLANG_WARN_OBJC_LITERAL_CONVERSION = YES;
				CLANG_WARN_OBJC_ROOT_CLASS = YES_ERROR;
				CLANG_WARN_QUOTED_INCLUDE_IN_FRAMEWORK_HEADER = YES;
				CLANG_WARN_RANGE_LOOP_ANALYSIS = YES;
				CLANG_WARN_STRICT_PROTOTYPES = YES;
				CLANG_WARN_SUSPICIOUS_MOVE = YES;
				CLANG_WARN_UNGUARDED_AVAILABILITY = YES_AGGRESSIVE;
				CLANG_WARN_UNREACHABLE_CODE = YES;
				CLANG_WARN__DUPLICATE_METHOD_MATCH = YES;
				COPY_PHASE_STRIP = NO;
				DEBUG_INFORMATION_FORMAT = dwarf;
				ENABLE_STRICT_OBJC_MSGSEND = YES;
				ENABLE_TESTABILITY = YES;
				GCC_C_LANGUAGE_STANDARD = gnu11;
				GCC_DYNAMIC_NO_PIC = NO;
				GCC_NO_COMMON_BLOCKS = YES;
				GCC_OPTIMIZATION_LEVEL = 0;
				GCC_PREPROCESSOR_DEFINITIONS = (
					"DEBUG=1",
					"$(inherited)",
				);
				GCC_WARN_64_TO_32_BIT_CONVERSION = YES;
				GCC_WARN_ABOUT_RETURN_TYPE = YES_ERROR;
				GCC_WARN_UNDECLARED_SELECTOR = YES;
				GCC_WARN_UNINITIALIZED_AUTOS = YES_AGGRESSIVE;
				GCC_WARN_UNUSED_FUNCTION = YES;
				GCC_WARN_UNUSED_VARIABLE = YES;
				IPHONEOS_DEPLOYMENT_TARGET = 16.4;
				MTL_ENABLE_DEBUG_INFO = INCLUDE_SOURCE;
				MTL_FAST_MATH = YES;
				ONLY_ACTIVE_ARCH = YES;
				SDKROOT = iphoneos;
				SWIFT_ACTIVE_COMPILATION_CONDITIONS = DEBUG;
				SWIFT_OPTIMIZATION_LEVEL = "-Onone";
			};
			name = Debug;
		};
		A9CDB06E2A4A86D60037CEDB /* Release */ = {
			isa = XCBuildConfiguration;
			buildSettings = {
				ALWAYS_SEARCH_USER_PATHS = NO;
				CLANG_ANALYZER_NONNULL = YES;
				CLANG_ANALYZER_NUMBER_OBJECT_CONVERSION = YES_AGGRESSIVE;
				CLANG_CXX_LANGUAGE_STANDARD = "gnu++20";
				CLANG_ENABLE_MODULES = YES;
				CLANG_ENABLE_OBJC_ARC = YES;
				CLANG_ENABLE_OBJC_WEAK = YES;
				CLANG_WARN_BLOCK_CAPTURE_AUTORELEASING = YES;
				CLANG_WARN_BOOL_CONVERSION = YES;
				CLANG_WARN_COMMA = YES;
				CLANG_WARN_CONSTANT_CONVERSION = YES;
				CLANG_WARN_DEPRECATED_OBJC_IMPLEMENTATIONS = YES;
				CLANG_WARN_DIRECT_OBJC_ISA_USAGE = YES_ERROR;
				CLANG_WARN_DOCUMENTATION_COMMENTS = YES;
				CLANG_WARN_EMPTY_BODY = YES;
				CLANG_WARN_ENUM_CONVERSION = YES;
				CLANG_WARN_INFINITE_RECURSION = YES;
				CLANG_WARN_INT_CONVERSION = YES;
				CLANG_WARN_NON_LITERAL_NULL_CONVERSION = YES;
				CLANG_WARN_OBJC_IMPLICIT_RETAIN_SELF = YES;
				CLANG_WARN_OBJC_LITERAL_CONVERSION = YES;
				CLANG_WARN_OBJC_ROOT_CLASS = YES_ERROR;
				CLANG_WARN_QUOTED_INCLUDE_IN_FRAMEWORK_HEADER = YES;
				CLANG_WARN_RANGE_LOOP_ANALYSIS = YES;
				CLANG_WARN_STRICT_PROTOTYPES = YES;
				CLANG_WARN_SUSPICIOUS_MOVE = YES;
				CLANG_WARN_UNGUARDED_AVAILABILITY = YES_AGGRESSIVE;
				CLANG_WARN_UNREACHABLE_CODE = YES;
				CLANG_WARN__DUPLICATE_METHOD_MATCH = YES;
				COPY_PHASE_STRIP = NO;
				DEBUG_INFORMATION_FORMAT = "dwarf-with-dsym";
				ENABLE_NS_ASSERTIONS = NO;
				ENABLE_STRICT_OBJC_MSGSEND = YES;
				GCC_C_LANGUAGE_STANDARD = gnu11;
				GCC_NO_COMMON_BLOCKS = YES;
				GCC_WARN_64_TO_32_BIT_CONVERSION = YES;
				GCC_WARN_ABOUT_RETURN_TYPE = YES_ERROR;
				GCC_WARN_UNDECLARED_SELECTOR = YES;
				GCC_WARN_UNINITIALIZED_AUTOS = YES_AGGRESSIVE;
				GCC_WARN_UNUSED_FUNCTION = YES;
				GCC_WARN_UNUSED_VARIABLE = YES;
				IPHONEOS_DEPLOYMENT_TARGET = 16.4;
				MTL_ENABLE_DEBUG_INFO = NO;
				MTL_FAST_MATH = YES;
				SDKROOT = iphoneos;
				SWIFT_COMPILATION_MODE = wholemodule;
				SWIFT_OPTIMIZATION_LEVEL = "-O";
				VALIDATE_PRODUCT = YES;
			};
			name = Release;
		};
		A9CDB0702A4A86D60037CEDB /* Debug */ = {
			isa = XCBuildConfiguration;
			buildSettings = {
				ASSETCATALOG_COMPILER_APPICON_NAME = AppIcon;
				ASSETCATALOG_COMPILER_GLOBAL_ACCENT_COLOR_NAME = AccentColor;
				CODE_SIGN_IDENTITY = "Apple Development";
				CODE_SIGN_STYLE = Automatic;
				CURRENT_PROJECT_VERSION = 3;
				DEVELOPMENT_ASSET_PATHS = "\"SimpleHW/Preview Content\"";
				DEVELOPMENT_TEAM = ZYQ5JDQFTR;
				ENABLE_PREVIEWS = YES;
				GENERATE_INFOPLIST_FILE = YES;
				INFOPLIST_KEY_LSApplicationCategoryType = "public.app-category.productivity";
				INFOPLIST_KEY_UIApplicationSceneManifest_Generation = YES;
				INFOPLIST_KEY_UIApplicationSupportsIndirectInputEvents = YES;
				INFOPLIST_KEY_UILaunchScreen_Generation = YES;
				INFOPLIST_KEY_UISupportedInterfaceOrientations = UIInterfaceOrientationPortrait;
				INFOPLIST_KEY_UISupportedInterfaceOrientations_iPad = "UIInterfaceOrientationLandscapeLeft UIInterfaceOrientationLandscapeRight UIInterfaceOrientationPortrait UIInterfaceOrientationPortraitUpsideDown";
				LD_RUNPATH_SEARCH_PATHS = (
					"$(inherited)",
					"@executable_path/Frameworks",
				);
				MARKETING_VERSION = 1.0;
				PRODUCT_BUNDLE_IDENTIFIER = "John-Graham.SimpleHW";
				PRODUCT_NAME = "$(TARGET_NAME)";
				PROVISIONING_PROFILE_SPECIFIER = "";
				SUPPORTED_PLATFORMS = "iphoneos iphonesimulator";
				SUPPORTS_MACCATALYST = NO;
				SUPPORTS_MAC_DESIGNED_FOR_IPHONE_IPAD = YES;
				SWIFT_EMIT_LOC_STRINGS = YES;
				SWIFT_VERSION = 5.0;
				TARGETED_DEVICE_FAMILY = "1,2";
			};
			name = Debug;
		};
		A9CDB0712A4A86D60037CEDB /* Release */ = {
			isa = XCBuildConfiguration;
			buildSettings = {
				ASSETCATALOG_COMPILER_APPICON_NAME = AppIcon;
				ASSETCATALOG_COMPILER_GLOBAL_ACCENT_COLOR_NAME = AccentColor;
				CODE_SIGN_IDENTITY = "Apple Development";
				CODE_SIGN_STYLE = Automatic;
				CURRENT_PROJECT_VERSION = 3;
				DEVELOPMENT_ASSET_PATHS = "\"SimpleHW/Preview Content\"";
				DEVELOPMENT_TEAM = ZYQ5JDQFTR;
				ENABLE_PREVIEWS = YES;
				GENERATE_INFOPLIST_FILE = YES;
				INFOPLIST_KEY_LSApplicationCategoryType = "public.app-category.productivity";
				INFOPLIST_KEY_UIApplicationSceneManifest_Generation = YES;
				INFOPLIST_KEY_UIApplicationSupportsIndirectInputEvents = YES;
				INFOPLIST_KEY_UILaunchScreen_Generation = YES;
				INFOPLIST_KEY_UISupportedInterfaceOrientations = UIInterfaceOrientationPortrait;
				INFOPLIST_KEY_UISupportedInterfaceOrientations_iPad = "UIInterfaceOrientationLandscapeLeft UIInterfaceOrientationLandscapeRight UIInterfaceOrientationPortrait UIInterfaceOrientationPortraitUpsideDown";
				LD_RUNPATH_SEARCH_PATHS = (
					"$(inherited)",
					"@executable_path/Frameworks",
				);
				MARKETING_VERSION = 1.0;
				PRODUCT_BUNDLE_IDENTIFIER = "John-Graham.SimpleHW";
				PRODUCT_NAME = "$(TARGET_NAME)";
				PROVISIONING_PROFILE_SPECIFIER = "";
				SUPPORTED_PLATFORMS = "iphoneos iphonesimulator";
				SUPPORTS_MACCATALYST = NO;
				SUPPORTS_MAC_DESIGNED_FOR_IPHONE_IPAD = YES;
				SWIFT_EMIT_LOC_STRINGS = YES;
				SWIFT_VERSION = 5.0;
				TARGETED_DEVICE_FAMILY = "1,2";
			};
			name = Release;
		};
/* End XCBuildConfiguration section */

/* Begin XCConfigurationList section */
		A9149D122A4B820D00E9D001 /* Build configuration list for PBXNativeTarget "SimpleHWTests" */ = {
			isa = XCConfigurationList;
			buildConfigurations = (
				A9149D132A4B820D00E9D001 /* Debug */,
				A9149D142A4B820D00E9D001 /* Release */,
			);
			defaultConfigurationIsVisible = 0;
			defaultConfigurationName = Release;
		};
		A9CDB05C2A4A86D60037CEDB /* Build configuration list for PBXProject "SimpleHW" */ = {
			isa = XCConfigurationList;
			buildConfigurations = (
				A9CDB06D2A4A86D60037CEDB /* Debug */,
				A9CDB06E2A4A86D60037CEDB /* Release */,
			);
			defaultConfigurationIsVisible = 0;
			defaultConfigurationName = Release;
		};
		A9CDB06F2A4A86D60037CEDB /* Build configuration list for PBXNativeTarget "SimpleHW" */ = {
			isa = XCConfigurationList;
			buildConfigurations = (
				A9CDB0702A4A86D60037CEDB /* Debug */,
				A9CDB0712A4A86D60037CEDB /* Release */,
			);
			defaultConfigurationIsVisible = 0;
			defaultConfigurationName = Release;
		};
/* End XCConfigurationList section */
	};
	rootObject = A9CDB0592A4A86D60037CEDB /* Project object */;
}
